Microsoft Visual Studio Solution File, Format Version 12.00
# Visual Studio 2012
Project("{FAE04EC0-301F-11D3-BF4B-00C04F79EFBC}") = "Basic Fpscontroller", "Basic Fpscontroller.csproj", "{090B5769-61F4-4669-9EB8-50C7D7AD6689}"
EndProject
Global
	GlobalSection(SolutionConfigurationPlatforms) = preSolution
	Debug|Any CPU = Debug|Any CPU
	ExportDebug|Any CPU = ExportDebug|Any CPU
	ExportRelease|Any CPU = ExportRelease|Any CPU
	EndGlobalSection
	GlobalSection(ProjectConfigurationPlatforms) = postSolution
		{090B5769-61F4-4669-9EB8-50C7D7AD6689}.Debug|Any CPU.ActiveCfg = Debug|Any CPU
		{090B5769-61F4-4669-9EB8-50C7D7AD6689}.Debug|Any CPU.Build.0 = Debug|Any CPU
		{090B5769-61F4-4669-9EB8-50C7D7AD6689}.ExportDebug|Any CPU.ActiveCfg = ExportDebug|Any CPU
		{090B5769-61F4-4669-9EB8-50C7D7AD6689}.ExportDebug|Any CPU.Build.0 = ExportDebug|Any CPU
		{090B5769-61F4-4669-9EB8-50C7D7AD6689}.ExportRelease|Any CPU.ActiveCfg = ExportRelease|Any CPU
		{090B5769-61F4-4669-9EB8-50C7D7AD6689}.ExportRelease|Any CPU.Build.0 = ExportRelease|Any CPU
	EndGlobalSection
EndGlobal
